
Microsoft Visual Studio Solution File, Format Version 12.00
# Visual Studio 14
VisualStudioVersion = 14.0.25420.1
MinimumVisualStudioVersion = 10.0.40219.1
Project("{8BB2217D-0F2D-49D1-97BC-3654ED321F3B}") = "ArangoDB.Client", "ArangoDB.Client\ArangoDB.Client.xproj", "{EE40CBFC-1955-4969-BED2-D403311ECBB6}"
EndProject
Project("{2150E333-8FDC-42A3-9474-1A3956D46DE8}") = "Solution Items", "Solution Items", "{D9AB89CC-540C-4AB4-A87A-FACFB06407F1}"
	ProjectSection(SolutionItems) = preProject
		global.json = global.json
	EndProjectSection
EndProject
Project("{8BB2217D-0F2D-49D1-97BC-3654ED321F3B}") = "ArangoDB.Client.Test", "ArangoDB.Client.Test\ArangoDB.Client.Test.xproj", "{7CC2D342-E190-40FD-A5CD-B62856243768}"
EndProject
Project("{8BB2217D-0F2D-49D1-97BC-3654ED321F3B}") = "ArangoDB.Client.Examples", "ArangoDB.Client.Examples\ArangoDB.Client.Examples.xproj", "{192AA2DA-107B-450B-9DEC-64DC5572A55C}"
EndProject
Global
	GlobalSection(SolutionConfigurationPlatforms) = preSolution
		Debug|Any CPU = Debug|Any CPU
		Release|Any CPU = Release|Any CPU
	EndGlobalSection
	GlobalSection(ProjectConfigurationPlatforms) = postSolution
		{EE40CBFC-1955-4969-BED2-D403311ECBB6}.Debug|Any CPU.ActiveCfg = Debug|Any CPU
		{EE40CBFC-1955-4969-BED2-D403311ECBB6}.Debug|Any CPU.Build.0 = Debug|Any CPU
		{EE40CBFC-1955-4969-BED2-D403311ECBB6}.Release|Any CPU.ActiveCfg = Release|Any CPU
		{EE40CBFC-1955-4969-BED2-D403311ECBB6}.Release|Any CPU.Build.0 = Release|Any CPU
		{7CC2D342-E190-40FD-A5CD-B62856243768}.Debug|Any CPU.ActiveCfg = Debug|Any CPU
		{7CC2D342-E190-40FD-A5CD-B62856243768}.Debug|Any CPU.Build.0 = Debug|Any CPU
		{7CC2D342-E190-40FD-A5CD-B62856243768}.Release|Any CPU.ActiveCfg = Release|Any CPU
		{7CC2D342-E190-40FD-A5CD-B62856243768}.Release|Any CPU.Build.0 = Release|Any CPU
		{192AA2DA-107B-450B-9DEC-64DC5572A55C}.Debug|Any CPU.ActiveCfg = Debug|Any CPU
		{192AA2DA-107B-450B-9DEC-64DC5572A55C}.Debug|Any CPU.Build.0 = Debug|Any CPU
		{192AA2DA-107B-450B-9DEC-64DC5572A55C}.Release|Any CPU.ActiveCfg = Release|Any CPU
		{192AA2DA-107B-450B-9DEC-64DC5572A55C}.Release|Any CPU.Build.0 = Release|Any CPU
	EndGlobalSection
	GlobalSection(SolutionProperties) = preSolution
		HideSolutionNode = FALSE
	EndGlobalSection
EndGlobal
